
Microsoft Visual Studio Solution File, Format Version 12.00
# Visual Studio Version 17
VisualStudioVersion = 17.8.34309.116
MinimumVisualStudioVersion = 10.0.40219.1
Project("{FAE04EC0-301F-11D3-BF4B-00C04F79EFBC}") = "PngSmile", "PngSmile\PngSmile.csproj", "{E101A896-F292-4D47-B6D4-E2F86DEE91B7}"
EndProject
Project("{FAE04EC0-301F-11D3-BF4B-00C04F79EFBC}") = "PNGTest", "PNGTest\PNGTest.csproj", "{C8FA5145-1827-4F6F-897C-516F647D7241}"
	ProjectSection(ProjectDependencies) = postProject
		{E101A896-F292-4D47-B6D4-E2F86DEE91B7} = {E101A896-F292-4D47-B6D4-E2F86DEE91B7}
	EndProjectSection
EndProject
Project("{2150E333-8FDC-42A3-9474-1A3956D46DE8}") = "Solution Items", "Solution Items", "{02EA681E-C7D8-13C7-8484-4AC65E1B71E8}"
	ProjectSection(SolutionItems) = preProject
		.editorconfig = .editorconfig
	EndProjectSection
EndProject
Global
	GlobalSection(SolutionConfigurationPlatforms) = preSolution
		Debug|Any CPU = Debug|Any CPU
		Release|Any CPU = Release|Any CPU
	EndGlobalSection
	GlobalSection(ProjectConfigurationPlatforms) = postSolution
		{E101A896-F292-4D47-B6D4-E2F86DEE91B7}.Debug|Any CPU.ActiveCfg = Debug|Any CPU
		{E101A896-F292-4D47-B6D4-E2F86DEE91B7}.Debug|Any CPU.Build.0 = Debug|Any CPU
		{E101A896-F292-4D47-B6D4-E2F86DEE91B7}.Release|Any CPU.ActiveCfg = Release|Any CPU
		{E101A896-F292-4D47-B6D4-E2F86DEE91B7}.Release|Any CPU.Build.0 = Release|Any CPU
		{C8FA5145-1827-4F6F-897C-516F647D7241}.Debug|Any CPU.ActiveCfg = Debug|Any CPU
		{C8FA5145-1827-4F6F-897C-516F647D7241}.Debug|Any CPU.Build.0 = Debug|Any CPU
		{C8FA5145-1827-4F6F-897C-516F647D7241}.Release|Any CPU.ActiveCfg = Release|Any CPU
		{C8FA5145-1827-4F6F-897C-516F647D7241}.Release|Any CPU.Build.0 = Release|Any CPU
	EndGlobalSection
	GlobalSection(SolutionProperties) = preSolution
		HideSolutionNode = FALSE
	EndGlobalSection
	GlobalSection(ExtensibilityGlobals) = postSolution
		SolutionGuid = {089666D2-746A-4B98-8B54-8DC39388D213}
	EndGlobalSection
EndGlobal
